<?xml version="1.0" encoding="utf-8"?>
<Project ToolsVersion="4.0" xmlns="http://schemas.microsoft.com/developer/msbuild/2003">
  <ItemGroup>
    <Filter Include="Файлы исходного кода">
      <UniqueIdentifier>{4FC737F1-C7A5-4376-A066-2A32D752A2FF}</UniqueIdentifier>
      <Extensions>cpp;c;cc;cxx;def;odl;idl;hpj;bat;asm;asmx</Extensions>
    </Filter>
    <Filter Include="Заголовочные файлы">
      <UniqueIdentifier>{93995380-89BD-4b04-88EB-625FBE52EBFB}</UniqueIdentifier>
      <Extensions>h;hh;hpp;hxx;hm;inl;inc;xsd</Extensions>
    </Filter>
    <Filter Include="Файлы ресурсов">
      <UniqueIdentifier>{67DA6AB6-F800-4c08-8B7A-83BB121AAD01}</UniqueIdentifier>
      <Extensions>rc;ico;cur;bmp;dlg;rc2;rct;bin;rgs;gif;jpg;jpeg;jpe;resx;tiff;tif;png;wav;mfcribbon-ms</Extensions>
    </Filter>
    <Filter Include="Файлы исходного кода\Win32">
      <UniqueIdentifier>{e8078ef4-921e-4678-ab70-c7594bf9fd9e}</UniqueIdentifier>
    </Filter>
    <Filter Include="Заголовочные файлы\Private">
      <UniqueIdentifier>{59807238-3b91-495d-b943-7c67b312599e}</UniqueIdentifier>
    </Filter>
    <Filter Include="Заголовочные файлы\Private\Win32">
      <UniqueIdentifier>{c5916d7f-b464-425f-90bc-a7b43e069e63}</UniqueIdentifier>
    </Filter>
    <Filter Include="Заголовочные файлы\System">
      <UniqueIdentifier>{df8b59c0-4e6c-4ed0-b814-694f47fe1622}</UniqueIdentifier>
    </Filter>
  </ItemGroup>
  <ItemGroup>
    <ClCompile Include="Time.cpp">
      <Filter>Файлы исходного кода</Filter>
    </ClCompile>
    <ClCompile Include="Clock.cpp">
      <Filter>Файлы исходного кода</Filter>
    </ClCompile>
    <ClCompile Include="Err.cpp">
      <Filter>Файлы исходного кода</Filter>
    </ClCompile>
    <ClCompile Include="FileInputStream.cpp">
      <Filter>Файлы исходного кода</Filter>
    </ClCompile>
    <ClCompile Include="Lock.cpp">
      <Filter>Файлы исходного кода</Filter>
    </ClCompile>
    <ClCompile Include="MemoryInputStream.cpp">
      <Filter>Файлы исходного кода</Filter>
    </ClCompile>
    <ClCompile Include="Mutex.cpp">
      <Filter>Файлы исходного кода</Filter>
    </ClCompile>
    <ClCompile Include="Sleep.cpp">
      <Filter>Файлы исходного кода</Filter>
    </ClCompile>
    <ClCompile Include="String.cpp">
      <Filter>Файлы исходного кода</Filter>
    </ClCompile>
    <ClCompile Include="Thread.cpp">
      <Filter>Файлы исходного кода</Filter>
    </ClCompile>
    <ClCompile Include="ThreadLocal.cpp">
      <Filter>Файлы исходного кода</Filter>
    </ClCompile>
    <ClCompile Include="Win32\ClockImpl.cpp">
      <Filter>Файлы исходного кода\Win32</Filter>
    </ClCompile>
    <ClCompile Include="Win32\MutexImpl.cpp">
      <Filter>Файлы исходного кода\Win32</Filter>
    </ClCompile>
    <ClCompile Include="Win32\SleepImpl.cpp">
      <Filter>Файлы исходного кода\Win32</Filter>
    </ClCompile>
    <ClCompile Include="Win32\ThreadImpl.cpp">
      <Filter>Файлы исходного кода\Win32</Filter>
    </ClCompile>
    <ClCompile Include="Win32\ThreadLocalImpl.cpp">
      <Filter>Файлы исходного кода\Win32</Filter>
    </ClCompile>
  </ItemGroup>
  <ItemGroup>
    <ClInclude Include="Win32\ThreadLocalImpl.hpp">
      <Filter>Заголовочные файлы\Private\Win32</Filter>
    </ClInclude>
    <ClInclude Include="Win32\ClockImpl.hpp">
      <Filter>Заголовочные файлы\Private\Win32</Filter>
    </ClInclude>
    <ClInclude Include="Win32\MutexImpl.hpp">
      <Filter>Заголовочные файлы\Private\Win32</Filter>
    </ClInclude>
    <ClInclude Include="Win32\SleepImpl.hpp">
      <Filter>Заголовочные файлы\Private\Win32</Filter>
    </ClInclude>
    <ClInclude Include="Win32\ThreadImpl.hpp">
      <Filter>Заголовочные файлы\Private\Win32</Filter>
    </ClInclude>
    <ClInclude Include="..\..\..\include\SFML\System.hpp">
      <Filter>Заголовочные файлы</Filter>
    </ClInclude>
    <ClInclude Include="..\..\..\include\SFML\Config.hpp">
      <Filter>Заголовочные файлы</Filter>
    </ClInclude>
    <ClInclude Include="..\..\..\include\SFML\System\InputStream.hpp">
      <Filter>Заголовочные файлы\System</Filter>
    </ClInclude>
    <ClInclude Include="..\..\..\include\SFML\System\Lock.hpp">
      <Filter>Заголовочные файлы\System</Filter>
    </ClInclude>
    <ClInclude Include="..\..\..\include\SFML\System\MemoryInputStream.hpp">
      <Filter>Заголовочные файлы\System</Filter>
    </ClInclude>
    <ClInclude Include="..\..\..\include\SFML\System\Mutex.hpp">
      <Filter>Заголовочные файлы\System</Filter>
    </ClInclude>
    <ClInclude Include="..\..\..\include\SFML\System\NativeActivity.hpp">
      <Filter>Заголовочные файлы\System</Filter>
    </ClInclude>
    <ClInclude Include="..\..\..\include\SFML\System\NonCopyable.hpp">
      <Filter>Заголовочные файлы\System</Filter>
    </ClInclude>
    <ClInclude Include="..\..\..\include\SFML\System\Sleep.hpp">
      <Filter>Заголовочные файлы\System</Filter>
    </ClInclude>
    <ClInclude Include="..\..\..\include\SFML\System\String.hpp">
      <Filter>Заголовочные файлы\System</Filter>
    </ClInclude>
    <ClInclude Include="..\..\..\include\SFML\System\Thread.hpp">
      <Filter>Заголовочные файлы\System</Filter>
    </ClInclude>
    <ClInclude Include="..\..\..\include\SFML\System\ThreadLocal.hpp">
      <Filter>Заголовочные файлы\System</Filter>
    </ClInclude>
    <ClInclude Include="..\..\..\include\SFML\System\ThreadLocalPtr.hpp">
      <Filter>Заголовочные файлы\System</Filter>
    </ClInclude>
    <ClInclude Include="..\..\..\include\SFML\System\Time.hpp">
      <Filter>Заголовочные файлы\System</Filter>
    </ClInclude>
    <ClInclude Include="..\..\..\include\SFML\System\Utf.hpp">
      <Filter>Заголовочные файлы\System</Filter>
    </ClInclude>
    <ClInclude Include="..\..\..\include\SFML\System\Vector2.hpp">
      <Filter>Заголовочные файлы\System</Filter>
    </ClInclude>
    <ClInclude Include="..\..\..\include\SFML\System\Vector3.hpp">
      <Filter>Заголовочные файлы\System</Filter>
    </ClInclude>
    <ClInclude Include="..\..\..\include\SFML\System\Clock.hpp">
      <Filter>Заголовочные файлы\System</Filter>
    </ClInclude>
    <ClInclude Include="..\..\..\include\SFML\System\Err.hpp">
      <Filter>Заголовочные файлы\System</Filter>
    </ClInclude>
    <ClInclude Include="..\..\..\include\SFML\System\Export.hpp">
      <Filter>Заголовочные файлы\System</Filter>
    </ClInclude>
    <ClInclude Include="..\..\..\include\SFML\System\FileInputStream.hpp">
      <Filter>Заголовочные файлы\System</Filter>
    </ClInclude>
  </ItemGroup>
  <ItemGroup>
    <None Include="..\..\..\include\SFML\System\String.inl">
      <Filter>Заголовочные файлы\System</Filter>
    </None>
    <None Include="..\..\..\include\SFML\System\Thread.inl">
      <Filter>Заголовочные файлы\System</Filter>
    </None>
    <None Include="..\..\..\include\SFML\System\ThreadLocalPtr.inl">
      <Filter>Заголовочные файлы\System</Filter>
    </None>
    <None Include="..\..\..\include\SFML\System\Utf.inl">
      <Filter>Заголовочные файлы\System</Filter>
    </None>
    <None Include="..\..\..\include\SFML\System\Vector2.inl">
      <Filter>Заголовочные файлы\System</Filter>
    </None>
    <None Include="..\..\..\include\SFML\System\Vector3.inl">
      <Filter>Заголовочные файлы\System</Filter>
    </None>
  </ItemGroup>
</Project>