
Microsoft Visual Studio Solution File, Format Version 12.00
# Visual Studio 2013
VisualStudioVersion = 12.0.40629.0
MinimumVisualStudioVersion = 10.0.40219.1
Project("{8BC9CEB8-8B4A-11D0-8D11-00A0C91BC942}") = "VCApp", "VCApp\VCApp.vcxproj", "{C2588C9C-E420-43CA-8A9F-43B7D6497EA1}"
	ProjectSection(ProjectDependencies) = postProject
		{F024C911-CF60-4F12-9C7A-E6909C7562DB} = {F024C911-CF60-4F12-9C7A-E6909C7562DB}
		{7B10F911-DC46-4F70-AE5B-5B3A02488818} = {7B10F911-DC46-4F70-AE5B-5B3A02488818}
		{0D06AC39-BE28-45FB-9506-51DB5AFE0BE7} = {0D06AC39-BE28-45FB-9506-51DB5AFE0BE7}
		{4559D574-61C1-462B-B0C2-D733D2D30ED1} = {4559D574-61C1-462B-B0C2-D733D2D30ED1}
		{643311F3-4965-4C92-90AA-D0693EAA5E78} = {643311F3-4965-4C92-90AA-D0693EAA5E78}
	EndProjectSection
EndProject
Project("{8BC9CEB8-8B4A-11D0-8D11-00A0C91BC942}") = "Network", "Depends\src\SFML\Network\Network.vcxproj", "{4559D574-61C1-462B-B0C2-D733D2D30ED1}"
EndProject
Project("{8BC9CEB8-8B4A-11D0-8D11-00A0C91BC942}") = "System", "Depends\src\SFML\System\System.vcxproj", "{643311F3-4965-4C92-90AA-D0693EAA5E78}"
EndProject
Project("{8BC9CEB8-8B4A-11D0-8D11-00A0C91BC942}") = "NemaTode", "Depends\src\NemaTode\NemaTode.vcxproj", "{7B10F911-DC46-4F70-AE5B-5B3A02488818}"
EndProject
Project("{2150E333-8FDC-42A3-9474-1A3956D46DE8}") = "OpenSource_IMU", "OpenSource_IMU", "{CD16D722-AE12-4832-8C42-800C68514727}"
EndProject
Project("{8BC9CEB8-8B4A-11D0-8D11-00A0C91BC942}") = "MahonyAHRS_C", "OpenSource_IMU\MahonyAHRS_C\MahonyAHRS_C.vcxproj", "{75B699D4-3BC0-434D-9E6C-D657581025B2}"
EndProject
Project("{8BC9CEB8-8B4A-11D0-8D11-00A0C91BC942}") = "MadgwickAHRS_C", "OpenSource_IMU\MadgwickAHRS_C\MadgwickAHRS_C.vcxproj", "{2C1D4FC3-0FA2-4EF4-A6DE-71D05A3EB4D2}"
EndProject
Project("{8BC9CEB8-8B4A-11D0-8D11-00A0C91BC942}") = "MadgwickAHRS_FIXED_C", "OpenSource_IMU\MadgwickAHRS_FIXED_C\MadgwickAHRS_FIXED_C.vcxproj", "{F3D09507-62F3-4D96-B3DD-89193B336CE0}"
EndProject
Project("{8BC9CEB8-8B4A-11D0-8D11-00A0C91BC942}") = "AHRS_Test", "OpenSource_IMU\AHRS_Test\AHRS_Test.vcxproj", "{E6D6CF23-EB9F-4368-B40C-3E2CE65EC2DF}"
	ProjectSection(ProjectDependencies) = postProject
		{F3D09507-62F3-4D96-B3DD-89193B336CE0} = {F3D09507-62F3-4D96-B3DD-89193B336CE0}
		{F024C911-CF60-4F12-9C7A-E6909C7562DB} = {F024C911-CF60-4F12-9C7A-E6909C7562DB}
		{0D06AC39-BE28-45FB-9506-51DB5AFE0BE7} = {0D06AC39-BE28-45FB-9506-51DB5AFE0BE7}
		{2C1D4FC3-0FA2-4EF4-A6DE-71D05A3EB4D2} = {2C1D4FC3-0FA2-4EF4-A6DE-71D05A3EB4D2}
		{75B699D4-3BC0-434D-9E6C-D657581025B2} = {75B699D4-3BC0-434D-9E6C-D657581025B2}
	EndProjectSection
EndProject
Project("{8BC9CEB8-8B4A-11D0-8D11-00A0C91BC942}") = "MadgwickAHRS_FIXED_C_NEW", "OpenSource_IMU\MadgwickAHRS_FIXED_C_NEW\MadgwickAHRS_FIXED_C_NEW.vcxproj", "{0D06AC39-BE28-45FB-9506-51DB5AFE0BE7}"
EndProject
Project("{8BC9CEB8-8B4A-11D0-8D11-00A0C91BC942}") = "MahonyAHRS_C_NEW", "OpenSource_IMU\MahonyAHRS_C_NEW\MahonyAHRS_C_NEW.vcxproj", "{9570DBEF-561F-4E54-B907-FC68D8F09E6E}"
EndProject
Project("{8BC9CEB8-8B4A-11D0-8D11-00A0C91BC942}") = "MathLib3D", "MathLib3D\MathLib3D.vcxproj", "{F024C911-CF60-4F12-9C7A-E6909C7562DB}"
EndProject
Global
	GlobalSection(SolutionConfigurationPlatforms) = preSolution
		Debug|Win32 = Debug|Win32
		Debug|x64 = Debug|x64
		Release|Win32 = Release|Win32
		Release|x64 = Release|x64
	EndGlobalSection
	GlobalSection(ProjectConfigurationPlatforms) = postSolution
		{C2588C9C-E420-43CA-8A9F-43B7D6497EA1}.Debug|Win32.ActiveCfg = Debug|Win32
		{C2588C9C-E420-43CA-8A9F-43B7D6497EA1}.Debug|Win32.Build.0 = Debug|Win32
		{C2588C9C-E420-43CA-8A9F-43B7D6497EA1}.Debug|x64.ActiveCfg = Debug|x64
		{C2588C9C-E420-43CA-8A9F-43B7D6497EA1}.Debug|x64.Build.0 = Debug|x64
		{C2588C9C-E420-43CA-8A9F-43B7D6497EA1}.Release|Win32.ActiveCfg = Release|Win32
		{C2588C9C-E420-43CA-8A9F-43B7D6497EA1}.Release|Win32.Build.0 = Release|Win32
		{C2588C9C-E420-43CA-8A9F-43B7D6497EA1}.Release|x64.ActiveCfg = Release|x64
		{C2588C9C-E420-43CA-8A9F-43B7D6497EA1}.Release|x64.Build.0 = Release|x64
		{4559D574-61C1-462B-B0C2-D733D2D30ED1}.Debug|Win32.ActiveCfg = Debug|Win32
		{4559D574-61C1-462B-B0C2-D733D2D30ED1}.Debug|Win32.Build.0 = Debug|Win32
		{4559D574-61C1-462B-B0C2-D733D2D30ED1}.Debug|x64.ActiveCfg = Debug|x64
		{4559D574-61C1-462B-B0C2-D733D2D30ED1}.Debug|x64.Build.0 = Debug|x64
		{4559D574-61C1-462B-B0C2-D733D2D30ED1}.Release|Win32.ActiveCfg = Release|Win32
		{4559D574-61C1-462B-B0C2-D733D2D30ED1}.Release|Win32.Build.0 = Release|Win32
		{4559D574-61C1-462B-B0C2-D733D2D30ED1}.Release|x64.ActiveCfg = Release|x64
		{4559D574-61C1-462B-B0C2-D733D2D30ED1}.Release|x64.Build.0 = Release|x64
		{643311F3-4965-4C92-90AA-D0693EAA5E78}.Debug|Win32.ActiveCfg = Debug|Win32
		{643311F3-4965-4C92-90AA-D0693EAA5E78}.Debug|Win32.Build.0 = Debug|Win32
		{643311F3-4965-4C92-90AA-D0693EAA5E78}.Debug|x64.ActiveCfg = Debug|x64
		{643311F3-4965-4C92-90AA-D0693EAA5E78}.Debug|x64.Build.0 = Debug|x64
		{643311F3-4965-4C92-90AA-D0693EAA5E78}.Release|Win32.ActiveCfg = Release|Win32
		{643311F3-4965-4C92-90AA-D0693EAA5E78}.Release|Win32.Build.0 = Release|Win32
		{643311F3-4965-4C92-90AA-D0693EAA5E78}.Release|x64.ActiveCfg = Release|x64
		{643311F3-4965-4C92-90AA-D0693EAA5E78}.Release|x64.Build.0 = Release|x64
		{7B10F911-DC46-4F70-AE5B-5B3A02488818}.Debug|Win32.ActiveCfg = Debug|Win32
		{7B10F911-DC46-4F70-AE5B-5B3A02488818}.Debug|Win32.Build.0 = Debug|Win32
		{7B10F911-DC46-4F70-AE5B-5B3A02488818}.Debug|x64.ActiveCfg = Debug|x64
		{7B10F911-DC46-4F70-AE5B-5B3A02488818}.Debug|x64.Build.0 = Debug|x64
		{7B10F911-DC46-4F70-AE5B-5B3A02488818}.Release|Win32.ActiveCfg = Release|Win32
		{7B10F911-DC46-4F70-AE5B-5B3A02488818}.Release|Win32.Build.0 = Release|Win32
		{7B10F911-DC46-4F70-AE5B-5B3A02488818}.Release|x64.ActiveCfg = Release|x64
		{7B10F911-DC46-4F70-AE5B-5B3A02488818}.Release|x64.Build.0 = Release|x64
		{75B699D4-3BC0-434D-9E6C-D657581025B2}.Debug|Win32.ActiveCfg = Debug|Win32
		{75B699D4-3BC0-434D-9E6C-D657581025B2}.Debug|Win32.Build.0 = Debug|Win32
		{75B699D4-3BC0-434D-9E6C-D657581025B2}.Debug|x64.ActiveCfg = Debug|x64
		{75B699D4-3BC0-434D-9E6C-D657581025B2}.Debug|x64.Build.0 = Debug|x64
		{75B699D4-3BC0-434D-9E6C-D657581025B2}.Release|Win32.ActiveCfg = Release|Win32
		{75B699D4-3BC0-434D-9E6C-D657581025B2}.Release|Win32.Build.0 = Release|Win32
		{75B699D4-3BC0-434D-9E6C-D657581025B2}.Release|x64.ActiveCfg = Release|x64
		{75B699D4-3BC0-434D-9E6C-D657581025B2}.Release|x64.Build.0 = Release|x64
		{2C1D4FC3-0FA2-4EF4-A6DE-71D05A3EB4D2}.Debug|Win32.ActiveCfg = Debug|Win32
		{2C1D4FC3-0FA2-4EF4-A6DE-71D05A3EB4D2}.Debug|Win32.Build.0 = Debug|Win32
		{2C1D4FC3-0FA2-4EF4-A6DE-71D05A3EB4D2}.Debug|x64.ActiveCfg = Debug|x64
		{2C1D4FC3-0FA2-4EF4-A6DE-71D05A3EB4D2}.Debug|x64.Build.0 = Debug|x64
		{2C1D4FC3-0FA2-4EF4-A6DE-71D05A3EB4D2}.Release|Win32.ActiveCfg = Release|Win32
		{2C1D4FC3-0FA2-4EF4-A6DE-71D05A3EB4D2}.Release|Win32.Build.0 = Release|Win32
		{2C1D4FC3-0FA2-4EF4-A6DE-71D05A3EB4D2}.Release|x64.ActiveCfg = Release|x64
		{2C1D4FC3-0FA2-4EF4-A6DE-71D05A3EB4D2}.Release|x64.Build.0 = Release|x64
		{F3D09507-62F3-4D96-B3DD-89193B336CE0}.Debug|Win32.ActiveCfg = Debug|Win32
		{F3D09507-62F3-4D96-B3DD-89193B336CE0}.Debug|Win32.Build.0 = Debug|Win32
		{F3D09507-62F3-4D96-B3DD-89193B336CE0}.Debug|x64.ActiveCfg = Debug|x64
		{F3D09507-62F3-4D96-B3DD-89193B336CE0}.Debug|x64.Build.0 = Debug|x64
		{F3D09507-62F3-4D96-B3DD-89193B336CE0}.Release|Win32.ActiveCfg = Release|Win32
		{F3D09507-62F3-4D96-B3DD-89193B336CE0}.Release|Win32.Build.0 = Release|Win32
		{F3D09507-62F3-4D96-B3DD-89193B336CE0}.Release|x64.ActiveCfg = Release|x64
		{F3D09507-62F3-4D96-B3DD-89193B336CE0}.Release|x64.Build.0 = Release|x64
		{E6D6CF23-EB9F-4368-B40C-3E2CE65EC2DF}.Debug|Win32.ActiveCfg = Debug|Win32
		{E6D6CF23-EB9F-4368-B40C-3E2CE65EC2DF}.Debug|Win32.Build.0 = Debug|Win32
		{E6D6CF23-EB9F-4368-B40C-3E2CE65EC2DF}.Debug|x64.ActiveCfg = Debug|x64
		{E6D6CF23-EB9F-4368-B40C-3E2CE65EC2DF}.Debug|x64.Build.0 = Debug|x64
		{E6D6CF23-EB9F-4368-B40C-3E2CE65EC2DF}.Release|Win32.ActiveCfg = Release|Win32
		{E6D6CF23-EB9F-4368-B40C-3E2CE65EC2DF}.Release|Win32.Build.0 = Release|Win32
		{E6D6CF23-EB9F-4368-B40C-3E2CE65EC2DF}.Release|x64.ActiveCfg = Release|x64
		{E6D6CF23-EB9F-4368-B40C-3E2CE65EC2DF}.Release|x64.Build.0 = Release|x64
		{0D06AC39-BE28-45FB-9506-51DB5AFE0BE7}.Debug|Win32.ActiveCfg = Debug|Win32
		{0D06AC39-BE28-45FB-9506-51DB5AFE0BE7}.Debug|Win32.Build.0 = Debug|Win32
		{0D06AC39-BE28-45FB-9506-51DB5AFE0BE7}.Debug|x64.ActiveCfg = Debug|x64
		{0D06AC39-BE28-45FB-9506-51DB5AFE0BE7}.Debug|x64.Build.0 = Debug|x64
		{0D06AC39-BE28-45FB-9506-51DB5AFE0BE7}.Release|Win32.ActiveCfg = Release|Win32
		{0D06AC39-BE28-45FB-9506-51DB5AFE0BE7}.Release|Win32.Build.0 = Release|Win32
		{0D06AC39-BE28-45FB-9506-51DB5AFE0BE7}.Release|x64.ActiveCfg = Release|x64
		{0D06AC39-BE28-45FB-9506-51DB5AFE0BE7}.Release|x64.Build.0 = Release|x64
		{9570DBEF-561F-4E54-B907-FC68D8F09E6E}.Debug|Win32.ActiveCfg = Debug|Win32
		{9570DBEF-561F-4E54-B907-FC68D8F09E6E}.Debug|Win32.Build.0 = Debug|Win32
		{9570DBEF-561F-4E54-B907-FC68D8F09E6E}.Debug|x64.ActiveCfg = Debug|x64
		{9570DBEF-561F-4E54-B907-FC68D8F09E6E}.Debug|x64.Build.0 = Debug|x64
		{9570DBEF-561F-4E54-B907-FC68D8F09E6E}.Release|Win32.ActiveCfg = Release|Win32
		{9570DBEF-561F-4E54-B907-FC68D8F09E6E}.Release|Win32.Build.0 = Release|Win32
		{9570DBEF-561F-4E54-B907-FC68D8F09E6E}.Release|x64.ActiveCfg = Release|x64
		{9570DBEF-561F-4E54-B907-FC68D8F09E6E}.Release|x64.Build.0 = Release|x64
		{F024C911-CF60-4F12-9C7A-E6909C7562DB}.Debug|Win32.ActiveCfg = Debug|Win32
		{F024C911-CF60-4F12-9C7A-E6909C7562DB}.Debug|Win32.Build.0 = Debug|Win32
		{F024C911-CF60-4F12-9C7A-E6909C7562DB}.Debug|x64.ActiveCfg = Debug|x64
		{F024C911-CF60-4F12-9C7A-E6909C7562DB}.Debug|x64.Build.0 = Debug|x64
		{F024C911-CF60-4F12-9C7A-E6909C7562DB}.Release|Win32.ActiveCfg = Release|Win32
		{F024C911-CF60-4F12-9C7A-E6909C7562DB}.Release|Win32.Build.0 = Release|Win32
		{F024C911-CF60-4F12-9C7A-E6909C7562DB}.Release|x64.ActiveCfg = Release|x64
		{F024C911-CF60-4F12-9C7A-E6909C7562DB}.Release|x64.Build.0 = Release|x64
	EndGlobalSection
	GlobalSection(SolutionProperties) = preSolution
		HideSolutionNode = FALSE
	EndGlobalSection
	GlobalSection(NestedProjects) = preSolution
		{75B699D4-3BC0-434D-9E6C-D657581025B2} = {CD16D722-AE12-4832-8C42-800C68514727}
		{2C1D4FC3-0FA2-4EF4-A6DE-71D05A3EB4D2} = {CD16D722-AE12-4832-8C42-800C68514727}
		{F3D09507-62F3-4D96-B3DD-89193B336CE0} = {CD16D722-AE12-4832-8C42-800C68514727}
		{E6D6CF23-EB9F-4368-B40C-3E2CE65EC2DF} = {CD16D722-AE12-4832-8C42-800C68514727}
		{0D06AC39-BE28-45FB-9506-51DB5AFE0BE7} = {CD16D722-AE12-4832-8C42-800C68514727}
		{9570DBEF-561F-4E54-B907-FC68D8F09E6E} = {CD16D722-AE12-4832-8C42-800C68514727}
	EndGlobalSection
EndGlobal
